{
  "object": {
    "pins": [
      {
        "package": "ADModifiers",
        "repositoryURL": "https://github.com/alperenduran/ADModifiers.git",
        "state": {
          "branch": "master",
          "revision": "53463baeddf7eb646b96989dc6e17a787d99adff",
          "version": null
        }
      },
      {
        "package": "KeychainSwift",
        "repositoryURL": "https://github.com/evgenyneu/keychain-swift",
        "state": {
          "branch": null,
          "revision": "96fb84f45a96630e7583903bd7e08cf095c7a7ef",
          "version": "19.0.0"
        }
      },
      {
        "package": "Kingfisher",
        "repositoryURL": "https://github.com/onevcat/Kingfisher",
        "state": {
          "branch": null,
          "revision": "1339ebea9498ef6c3fc75cc195d7163d7c7167f9",
          "version": "5.14.1"
        }
      }
    ]
  },
  "version": 1
}
